PODS:
  - Alamofire (4.7.3)
  - AlamofireImage (3.4.1):
    - Alamofire (~> 4.7)
  - AlamofireNetworkActivityIndicator (2.3.0):
    - Alamofire (~> 4.7)
  - ObjectMapper (3.4.1)
  - Realm (3.11.2):
    - Realm/Headers (= 3.11.2)
  - Realm/Headers (3.11.2)
  - RealmSwift (3.11.2):
    - Realm (= 3.11.2)

DEPENDENCIES:
  - Alamofire
  - AlamofireImage
  - AlamofireNetworkActivityIndicator
  - ObjectMapper
  - RealmSwift

SPEC REPOS:
  https://github.com/cocoapods/specs.git:
    - Alamofire
    - AlamofireImage
    - AlamofireNetworkActivityIndicator
    - ObjectMapper
    - Realm
    - RealmSwift

SPEC CHECKSUMS:
  Alamofire: c7287b6e5d7da964a70935e5db17046b7fde6568
  AlamofireImage: 78d67ccbb763d87ba44b21583d2153500a195630
  AlamofireNetworkActivityIndicator: 18346ff6d770d9513d0ac6f2d99706f40f93dbaa
  ObjectMapper: 5311bd50ca732930959e7ca1a2de43ab823a5ced
  Realm: 864477d028db77f7c5a0cba64a4892ad53db128a
  RealmSwift: 12b8262fc08020b47de4fd88eb3d5c9425b34ec7

PODFILE CHECKSUM: 2dc23c7dfed187f328386a1dceedfccb80d8590d

COCOAPODS: 1.5.3
